
Microsoft Visual Studio Solution File, Format Version 12.00
# Visual Studio 14
VisualStudioVersion = 14.0.25420.1
MinimumVisualStudioVersion = 10.0.40219.1
Project("{FAE04EC0-301F-11D3-BF4B-00C04F79EFBC}") = "MarsLander", "MarsLander\MarsLander.csproj", "{8F070159-0EB5-4CB4-A47D-B1EB6FD7DDF7}"
EndProject
Project("{54435603-DBB4-11D2-8724-00A0C9A8B90C}") = "Mars-Lander", "Mars-Lander\Mars-Lander.vdproj", "{C3FC8A49-EE9C-4E55-8B9E-DC0D7CDAB480}"
EndProject
Global
	GlobalSection(SolutionConfigurationPlatforms) = preSolution
		Debug|Any CPU = Debug|Any CPU
		Release|Any CPU = Release|Any CPU
	EndGlobalSection
	GlobalSection(ProjectConfigurationPlatforms) = postSolution
		{8F070159-0EB5-4CB4-A47D-B1EB6FD7DDF7}.Debug|Any CPU.ActiveCfg = Debug|Any CPU
		{8F070159-0EB5-4CB4-A47D-B1EB6FD7DDF7}.Debug|Any CPU.Build.0 = Debug|Any CPU
		{8F070159-0EB5-4CB4-A47D-B1EB6FD7DDF7}.Release|Any CPU.ActiveCfg = Release|Any CPU
		{8F070159-0EB5-4CB4-A47D-B1EB6FD7DDF7}.Release|Any CPU.Build.0 = Release|Any CPU
		{C3FC8A49-EE9C-4E55-8B9E-DC0D7CDAB480}.Debug|Any CPU.ActiveCfg = Debug
		{C3FC8A49-EE9C-4E55-8B9E-DC0D7CDAB480}.Release|Any CPU.ActiveCfg = Release
	EndGlobalSection
	GlobalSection(SolutionProperties) = preSolution
		HideSolutionNode = FALSE
	EndGlobalSection
EndGlobal
